
Microsoft Visual Studio Solution File, Format Version 12.00
# Visual Studio Version 16
VisualStudioVersion = 16.0.30517.126
MinimumVisualStudioVersion = 10.0.40219.1
Project("{FAE04EC0-301F-11D3-BF4B-00C04F79EFBC}") = "HotelFinder.Entity", "HotelFinder.Entity\HotelFinder.Entity.csproj", "{113CA528-282C-474D-AAF8-CD499176ABB8}"
EndProject
Project("{FAE04EC0-301F-11D3-BF4B-00C04F79EFBC}") = "HotelFinder.DataAccess", "HotelFinder.DataAccess\HotelFinder.DataAccess.csproj", "{83688FD7-04B5-4EAD-AA61-4B0F4A87D7BD}"
EndProject
Project("{FAE04EC0-301F-11D3-BF4B-00C04F79EFBC}") = "HotelFinder.Business", "HotelFinder.Business\HotelFinder.Business.csproj", "{FDCB5901-E753-4D05-8FFC-51926F001FE1}"
EndProject
Project("{FAE04EC0-301F-11D3-BF4B-00C04F79EFBC}") = "HotelFinder.API", "HotelFinder.API\HotelFinder.API.csproj", "{370214DF-92D8-4DDF-AB2F-E1654E686340}"
EndProject
Global
	GlobalSection(SolutionConfigurationPlatforms) = preSolution
		Debug|Any CPU = Debug|Any CPU
		Release|Any CPU = Release|Any CPU
	EndGlobalSection
	GlobalSection(ProjectConfigurationPlatforms) = postSolution
		{113CA528-282C-474D-AAF8-CD499176ABB8}.Debug|Any CPU.ActiveCfg = Debug|Any CPU
		{113CA528-282C-474D-AAF8-CD499176ABB8}.Debug|Any CPU.Build.0 = Debug|Any CPU
		{113CA528-282C-474D-AAF8-CD499176ABB8}.Release|Any CPU.ActiveCfg = Release|Any CPU
		{113CA528-282C-474D-AAF8-CD499176ABB8}.Release|Any CPU.Build.0 = Release|Any CPU
		{83688FD7-04B5-4EAD-AA61-4B0F4A87D7BD}.Debug|Any CPU.ActiveCfg = Debug|Any CPU
		{83688FD7-04B5-4EAD-AA61-4B0F4A87D7BD}.Debug|Any CPU.Build.0 = Debug|Any CPU
		{83688FD7-04B5-4EAD-AA61-4B0F4A87D7BD}.Release|Any CPU.ActiveCfg = Release|Any CPU
		{83688FD7-04B5-4EAD-AA61-4B0F4A87D7BD}.Release|Any CPU.Build.0 = Release|Any CPU
		{FDCB5901-E753-4D05-8FFC-51926F001FE1}.Debug|Any CPU.ActiveCfg = Debug|Any CPU
		{FDCB5901-E753-4D05-8FFC-51926F001FE1}.Debug|Any CPU.Build.0 = Debug|Any CPU
		{FDCB5901-E753-4D05-8FFC-51926F001FE1}.Release|Any CPU.ActiveCfg = Release|Any CPU
		{FDCB5901-E753-4D05-8FFC-51926F001FE1}.Release|Any CPU.Build.0 = Release|Any CPU
		{370214DF-92D8-4DDF-AB2F-E1654E686340}.Debug|Any CPU.ActiveCfg = Debug|Any CPU
		{370214DF-92D8-4DDF-AB2F-E1654E686340}.Debug|Any CPU.Build.0 = Debug|Any CPU
		{370214DF-92D8-4DDF-AB2F-E1654E686340}.Release|Any CPU.ActiveCfg = Release|Any CPU
		{370214DF-92D8-4DDF-AB2F-E1654E686340}.Release|Any CPU.Build.0 = Release|Any CPU
	EndGlobalSection
	GlobalSection(SolutionProperties) = preSolution
		HideSolutionNode = FALSE
	EndGlobalSection
	GlobalSection(ExtensibilityGlobals) = postSolution
		SolutionGuid = {498218BA-B039-42A7-85B9-D4F5E3077D47}
	EndGlobalSection
EndGlobal
